
Microsoft Visual Studio Solution File, Format Version 12.00
# Visual Studio 15
VisualStudioVersion = 15.0.28010.2019
MinimumVisualStudioVersion = 10.0.40219.1
Project("{FAE04EC0-301F-11D3-BF4B-00C04F79EFBC}") = "AnalisWordLib", "AnalisWordLib\AnalisWordLib.csproj", "{727F6520-7B3B-4394-B9F7-D8BC06DDFD40}"
EndProject
Project("{FAE04EC0-301F-11D3-BF4B-00C04F79EFBC}") = "testApp", "testApp\testApp.csproj", "{5BD09815-F9B4-4FE5-9FB9-025BFFE65F28}"
EndProject
Global
	GlobalSection(SolutionConfigurationPlatforms) = preSolution
		Debug|Any CPU = Debug|Any CPU
		Debug|ARM = Debug|ARM
		Debug|x64 = Debug|x64
		Debug|x86 = Debug|x86
		Release|Any CPU = Release|Any CPU
		Release|ARM = Release|ARM
		Release|x64 = Release|x64
		Release|x86 = Release|x86
	EndGlobalSection
	GlobalSection(ProjectConfigurationPlatforms) = postSolution
		{727F6520-7B3B-4394-B9F7-D8BC06DDFD40}.Debug|Any CPU.ActiveCfg = Debug|Any CPU
		{727F6520-7B3B-4394-B9F7-D8BC06DDFD40}.Debug|Any CPU.Build.0 = Debug|Any CPU
		{727F6520-7B3B-4394-B9F7-D8BC06DDFD40}.Debug|ARM.ActiveCfg = Debug|Any CPU
		{727F6520-7B3B-4394-B9F7-D8BC06DDFD40}.Debug|ARM.Build.0 = Debug|Any CPU
		{727F6520-7B3B-4394-B9F7-D8BC06DDFD40}.Debug|x64.ActiveCfg = Debug|Any CPU
		{727F6520-7B3B-4394-B9F7-D8BC06DDFD40}.Debug|x64.Build.0 = Debug|Any CPU
		{727F6520-7B3B-4394-B9F7-D8BC06DDFD40}.Debug|x86.ActiveCfg = Debug|Any CPU
		{727F6520-7B3B-4394-B9F7-D8BC06DDFD40}.Debug|x86.Build.0 = Debug|Any CPU
		{727F6520-7B3B-4394-B9F7-D8BC06DDFD40}.Release|Any CPU.ActiveCfg = Release|Any CPU
		{727F6520-7B3B-4394-B9F7-D8BC06DDFD40}.Release|Any CPU.Build.0 = Release|Any CPU
		{727F6520-7B3B-4394-B9F7-D8BC06DDFD40}.Release|ARM.ActiveCfg = Release|Any CPU
		{727F6520-7B3B-4394-B9F7-D8BC06DDFD40}.Release|ARM.Build.0 = Release|Any CPU
		{727F6520-7B3B-4394-B9F7-D8BC06DDFD40}.Release|x64.ActiveCfg = Release|Any CPU
		{727F6520-7B3B-4394-B9F7-D8BC06DDFD40}.Release|x64.Build.0 = Release|Any CPU
		{727F6520-7B3B-4394-B9F7-D8BC06DDFD40}.Release|x86.ActiveCfg = Release|Any CPU
		{727F6520-7B3B-4394-B9F7-D8BC06DDFD40}.Release|x86.Build.0 = Release|Any CPU
		{5BD09815-F9B4-4FE5-9FB9-025BFFE65F28}.Debug|Any CPU.ActiveCfg = Debug|Any CPU
		{5BD09815-F9B4-4FE5-9FB9-025BFFE65F28}.Debug|Any CPU.Build.0 = Debug|Any CPU
		{5BD09815-F9B4-4FE5-9FB9-025BFFE65F28}.Debug|ARM.ActiveCfg = Debug|Any CPU
		{5BD09815-F9B4-4FE5-9FB9-025BFFE65F28}.Debug|ARM.Build.0 = Debug|Any CPU
		{5BD09815-F9B4-4FE5-9FB9-025BFFE65F28}.Debug|x64.ActiveCfg = Debug|Any CPU
		{5BD09815-F9B4-4FE5-9FB9-025BFFE65F28}.Debug|x64.Build.0 = Debug|Any CPU
		{5BD09815-F9B4-4FE5-9FB9-025BFFE65F28}.Debug|x86.ActiveCfg = Debug|Any CPU
		{5BD09815-F9B4-4FE5-9FB9-025BFFE65F28}.Debug|x86.Build.0 = Debug|Any CPU
		{5BD09815-F9B4-4FE5-9FB9-025BFFE65F28}.Release|Any CPU.ActiveCfg = Release|Any CPU
		{5BD09815-F9B4-4FE5-9FB9-025BFFE65F28}.Release|Any CPU.Build.0 = Release|Any CPU
		{5BD09815-F9B4-4FE5-9FB9-025BFFE65F28}.Release|ARM.ActiveCfg = Release|Any CPU
		{5BD09815-F9B4-4FE5-9FB9-025BFFE65F28}.Release|ARM.Build.0 = Release|Any CPU
		{5BD09815-F9B4-4FE5-9FB9-025BFFE65F28}.Release|x64.ActiveCfg = Release|Any CPU
		{5BD09815-F9B4-4FE5-9FB9-025BFFE65F28}.Release|x64.Build.0 = Release|Any CPU
		{5BD09815-F9B4-4FE5-9FB9-025BFFE65F28}.Release|x86.ActiveCfg = Release|Any CPU
		{5BD09815-F9B4-4FE5-9FB9-025BFFE65F28}.Release|x86.Build.0 = Release|Any CPU
	EndGlobalSection
	GlobalSection(SolutionProperties) = preSolution
		HideSolutionNode = FALSE
	EndGlobalSection
	GlobalSection(ExtensibilityGlobals) = postSolution
		SolutionGuid = {7198900F-9F66-40BF-8831-4FCC5B92B3EF}
	EndGlobalSection
EndGlobal
