
Microsoft Visual Studio Solution File, Format Version 12.00
# Visual Studio 15
VisualStudioVersion = 15.0.28010.2019
MinimumVisualStudioVersion = 10.0.40219.1
Project("{FAE04EC0-301F-11D3-BF4B-00C04F79EFBC}") = "HelloCore", "HelloCore\HelloCore.csproj", "{BB943CC9-2AEA-4076-995A-F5F08D288D0C}"
EndProject
Global
	GlobalSection(SolutionConfigurationPlatforms) = preSolution
		Debug|Any CPU = Debug|Any CPU
		Release|Any CPU = Release|Any CPU
	EndGlobalSection
	GlobalSection(ProjectConfigurationPlatforms) = postSolution
		{BB943CC9-2AEA-4076-995A-F5F08D288D0C}.Debug|Any CPU.ActiveCfg = Debug|Any CPU
		{BB943CC9-2AEA-4076-995A-F5F08D288D0C}.Debug|Any CPU.Build.0 = Debug|Any CPU
		{BB943CC9-2AEA-4076-995A-F5F08D288D0C}.Release|Any CPU.ActiveCfg = Release|Any CPU
		{BB943CC9-2AEA-4076-995A-F5F08D288D0C}.Release|Any CPU.Build.0 = Release|Any CPU
	EndGlobalSection
	GlobalSection(SolutionProperties) = preSolution
		HideSolutionNode = FALSE
	EndGlobalSection
	GlobalSection(ExtensibilityGlobals) = postSolution
		SolutionGuid = {073B0036-3681-4792-AA5F-FD9C6255A3B9}
	EndGlobalSection
EndGlobal
